
Microsoft Visual Studio Solution File, Format Version 12.00
# Visual Studio Version 17
VisualStudioVersion = 17.9.34728.123
MinimumVisualStudioVersion = 10.0.40219.1
Project("{9A19103F-16F7-4668-BE54-9A1E7A4F7556}") = "backend-app", "backend-app\backend-app.csproj", "{1E8160FF-07E7-4470-A06E-888453612995}"
EndProject
Global
	GlobalSection(SolutionConfigurationPlatforms) = preSolution
		Debug|Any CPU = Debug|Any CPU
		Release|Any CPU = Release|Any CPU
	EndGlobalSection
	GlobalSection(ProjectConfigurationPlatforms) = postSolution
		{1E8160FF-07E7-4470-A06E-888453612995}.Debug|Any CPU.ActiveCfg = Debug|Any CPU
		{1E8160FF-07E7-4470-A06E-888453612995}.Debug|Any CPU.Build.0 = Debug|Any CPU
		{1E8160FF-07E7-4470-A06E-888453612995}.Release|Any CPU.ActiveCfg = Release|Any CPU
		{1E8160FF-07E7-4470-A06E-888453612995}.Release|Any CPU.Build.0 = Release|Any CPU
	EndGlobalSection
	GlobalSection(SolutionProperties) = preSolution
		HideSolutionNode = FALSE
	EndGlobalSection
	GlobalSection(ExtensibilityGlobals) = postSolution
		SolutionGuid = {6094E493-9B17-4631-8D42-A0C7B53033A2}
	EndGlobalSection
EndGlobal
